{
    "name": "cointrol",
    "version": "0.0.1",
    "lockfileVersion": 1,
    "requires": true,
    "dependencies": {
        "align-text": {
            "version": "0.1.4",
            "resolved": "https://registry.npmjs.org/align-text/-/align-text-0.1.4.tgz",
            "integrity": "sha1-DNkKVhCT810KmSVsIrcGlDP60Rc=",
            "requires": {
                "kind-of": "3.2.2",
                "longest": "1.0.1",
                "repeat-string": "1.6.1"
            }
        },
        "amdefine": {
            "version": "1.0.1",
            "resolved": "https://registry.npmjs.org/amdefine/-/amdefine-1.0.1.tgz",
            "integrity": "sha1-SlKCrBZHKek2Gbz9OtFR+BfOkfU="
        },
        "ansi-color": {
            "version": "0.2.1",
            "resolved": "https://registry.npmjs.org/ansi-color/-/ansi-color-0.2.1.tgz",
            "integrity": "sha1-PnXAN0dSF1RO12Oo21cJ+prlv5o="
        },
        "async": {
            "version": "0.2.10",
            "resolved": "https://registry.npmjs.org/async/-/async-0.2.10.tgz",
            "integrity": "sha1-trvgsGdLnXGXCMo43owjfLUmw9E="
        },
        "async-each": {
            "version": "0.1.6",
            "resolved": "https://registry.npmjs.org/async-each/-/async-each-0.1.6.tgz",
            "integrity": "sha1-tn6Z7c3fllQeRK9WKQzX1cbnBDk="
        },
        "async-waterfall": {
            "version": "0.1.5",
            "resolved": "https://registry.npmjs.org/async-waterfall/-/async-waterfall-0.1.5.tgz",
            "integrity": "sha1-OYvUiw6sXUD/vkAP6eN6U7qWba4="
        },
        "brunch": {
            "version": "1.7.13",
            "resolved": "https://registry.npmjs.org/brunch/-/brunch-1.7.13.tgz",
            "integrity": "sha1-GDiQjN50UDV3XxSZ+adEHGOpUrI=",
            "requires": {
                "async-each": "0.1.6",
                "async-waterfall": "0.1.5",
                "chokidar": "0.6.3",
                "coffee-script": "1.6.3",
                "commander": "2.0.0",
                "commonjs-require-definition": "0.1.2",
                "debug": "0.7.4",
                "init-skeleton": "0.2.4",
                "loggy": "0.2.2",
                "mkdirp": "0.3.5",
                "ncp": "0.4.2",
                "pushserve": "0.1.6",
                "read-components": "0.5.4",
                "source-map": "0.1.43"
            }
        },
        "buffer-crc32": {
            "version": "0.2.1",
            "resolved": "https://registry.npmjs.org/buffer-crc32/-/buffer-crc32-0.2.1.tgz",
            "integrity": "sha1-vj5TgvwCttYySVasGvmKqYsIU0w="
        },
        "bytes": {
            "version": "0.2.0",
            "resolved": "https://registry.npmjs.org/bytes/-/bytes-0.2.0.tgz",
            "integrity": "sha1-qtM+wU49wsp06OfUUfm6BTrU96A="
        },
        "camelcase": {
            "version": "1.2.1",
            "resolved": "https://registry.npmjs.org/camelcase/-/camelcase-1.2.1.tgz",
            "integrity": "sha1-m7UwTS4LVmmLLHWLCKPqqdqlijk="
        },
        "center-align": {
            "version": "0.1.3",
            "resolved": "https://registry.npmjs.org/center-align/-/center-align-0.1.3.tgz",
            "integrity": "sha1-qg0yYptu6XIgBBHL1EYckHvCt60=",
            "optional": true,
            "requires": {
                "align-text": "0.1.4",
                "lazy-cache": "1.0.4"
            }
        },
        "chokidar": {
            "version": "0.6.3",
            "resolved": "https://registry.npmjs.org/chokidar/-/chokidar-0.6.3.tgz",
            "integrity": "sha1-6Flo+iNfIXc9OIxhevCFvyEEQlo="
        },
        "clean-css": {
            "version": "3.1.9",
            "resolved": "https://registry.npmjs.org/clean-css/-/clean-css-3.1.9.tgz",
            "integrity": "sha1-29BaFIvklDuzfOBnnmdsvJ9YAmY=",
            "requires": {
                "commander": "2.6.0",
                "source-map": "0.1.43"
            },
            "dependencies": {
                "commander": {
                    "version": "2.6.0",
                    "resolved": "https://registry.npmjs.org/commander/-/commander-2.6.0.tgz",
                    "integrity": "sha1-nfflL7Kgyw+4kFjugMMQQiXzfh0="
                }
            }
        },
        "clean-css-brunch": {
            "version": "1.7.2",
            "resolved": "https://registry.npmjs.org/clean-css-brunch/-/clean-css-brunch-1.7.2.tgz",
            "integrity": "sha1-FOhan5VzjBXNhZ3JP5gqGZewIKo=",
            "requires": {
                "clean-css": "3.1.9"
            }
        },
        "cliui": {
            "version": "2.1.0",
            "resolved": "https://registry.npmjs.org/cliui/-/cliui-2.1.0.tgz",
            "integrity": "sha1-S0dXYP+AJkx2LDoXGQMukcf+oNE=",
            "optional": true,
            "requires": {
                "center-align": "0.1.3",
                "right-align": "0.1.3",
                "wordwrap": "0.0.2"
            },
            "dependencies": {
                "wordwrap": {
                    "version": "0.0.2",
                    "resolved": "https://registry.npmjs.org/wordwrap/-/wordwrap-0.0.2.tgz",
                    "integrity": "sha1-t5Zpu0LstAn4PVg8rVLKF+qhZD8=",
                    "optional": true
                }
            }
        },
        "coffee-script": {
            "version": "1.6.3",
            "resolved": "https://registry.npmjs.org/coffee-script/-/coffee-script-1.6.3.tgz",
            "integrity": "sha1-Y1XTLPGwTN/2tITl5xF4Ky8MOb4="
        },
        "coffee-script-brunch": {
            "version": "1.7.3",
            "resolved": "https://registry.npmjs.org/coffee-script-brunch/-/coffee-script-brunch-1.7.3.tgz",
            "integrity": "sha1-OVPJ89BFUMForo5I+Ql/p1M97wo=",
            "requires": {
                "coffee-script": "1.6.3"
            }
        },
        "commander": {
            "version": "2.0.0",
            "resolved": "https://registry.npmjs.org/commander/-/commander-2.0.0.tgz",
            "integrity": "sha1-0bhvkB+LZL2UG96tr5JFMDk76Sg="
        },
        "commonjs-require-definition": {
            "version": "0.1.2",
            "resolved": "https://registry.npmjs.org/commonjs-require-definition/-/commonjs-require-definition-0.1.2.tgz",
            "integrity": "sha1-k3IOQrM4OgDkCX9qSpefEPN23C0="
        },
        "connect": {
            "version": "2.8.8",
            "resolved": "https://registry.npmjs.org/connect/-/connect-2.8.8.tgz",
            "integrity": "sha1-uav4yvC9l3PLPeopNEEZhyWCRG0=",
            "requires": {
                "buffer-crc32": "0.2.1",
                "bytes": "0.2.0",
                "cookie": "0.1.0",
                "cookie-signature": "1.0.1",
                "debug": "0.7.4",
                "formidable": "1.0.14",
                "fresh": "0.2.0",
                "methods": "0.0.1",
                "pause": "0.0.1",
                "qs": "0.6.5",
                "send": "0.1.4",
                "uid2": "0.0.2"
            }
        },
        "connect-slashes": {
            "version": "0.0.11",
            "resolved": "https://registry.npmjs.org/connect-slashes/-/connect-slashes-0.0.11.tgz",
            "integrity": "sha1-S0TvrnWZzAPuILJOkocnL0HWIlg="
        },
        "cookie": {
            "version": "0.1.0",
            "resolved": "https://registry.npmjs.org/cookie/-/cookie-0.1.0.tgz",
            "integrity": "sha1-kOtGndzpBchm3mh+/EMTHYgB+dA="
        },
        "cookie-signature": {
            "version": "1.0.1",
            "resolved": "https://registry.npmjs.org/cookie-signature/-/cookie-signature-1.0.1.tgz",
            "integrity": "sha1-ROByFIrwHm6OJK+/EmkNaK5pjss="
        },
        "css-brunch": {
            "version": "1.7.0",
            "resolved": "https://registry.npmjs.org/css-brunch/-/css-brunch-1.7.0.tgz",
            "integrity": "sha1-JYwbA4qXCECvDGqOVYL2FAUClNo="
        },
        "date-utils": {
            "version": "1.2.21",
            "resolved": "https://registry.npmjs.org/date-utils/-/date-utils-1.2.21.tgz",
            "integrity": "sha1-YfsWzcEnSzyayq/+n8ad+HIKK2Q="
        },
        "debug": {
            "version": "0.7.4",
            "resolved": "https://registry.npmjs.org/debug/-/debug-0.7.4.tgz",
            "integrity": "sha1-BuHqgILCyxTjmAbiLi9vdX+Srzk="
        },
        "decamelize": {
            "version": "1.2.0",
            "resolved": "https://registry.npmjs.org/decamelize/-/decamelize-1.2.0.tgz",
            "integrity": "sha1-9lNNFRSCabIDUue+4m9QH5oZEpA="
        },
        "esprima": {
            "version": "1.0.4",
            "resolved": "https://registry.npmjs.org/esprima/-/esprima-1.0.4.tgz",
            "integrity": "sha1-n1V+CPw7TSbs6d00+Pv0drYlha0="
        },
        "express": {
            "version": "3.3.8",
            "resolved": "https://registry.npmjs.org/express/-/express-3.3.8.tgz",
            "integrity": "sha1-jpisMNgfTJW4XXHSr2z4T2LvGb0=",
            "requires": {
                "buffer-crc32": "0.2.1",
                "commander": "1.2.0",
                "connect": "2.8.8",
                "cookie": "0.1.0",
                "cookie-signature": "1.0.1",
                "debug": "0.7.4",
                "fresh": "0.2.0",
                "methods": "0.0.1",
                "mkdirp": "0.3.5",
                "range-parser": "0.0.4",
                "send": "0.1.4"
            },
            "dependencies": {
                "commander": {
                    "version": "1.2.0",
                    "resolved": "https://registry.npmjs.org/commander/-/commander-1.2.0.tgz",
                    "integrity": "sha1-/VcTv6FTx9bMWZN4patMRcU1Ap4=",
                    "requires": {
                        "keypress": "0.1.0"
                    }
                }
            }
        },
        "formidable": {
            "version": "1.0.14",
            "resolved": "https://registry.npmjs.org/formidable/-/formidable-1.0.14.tgz",
            "integrity": "sha1-Kz9MQRy7X91pXESEPiojUUpDIxo="
        },
        "fresh": {
            "version": "0.2.0",
            "resolved": "https://registry.npmjs.org/fresh/-/fresh-0.2.0.tgz",
            "integrity": "sha1-v9lALPPfEsSkwxDHn5mj3eE9NKc="
        },
        "growl": {
            "version": "1.8.1",
            "resolved": "https://registry.npmjs.org/growl/-/growl-1.8.1.tgz",
            "integrity": "sha1-Sy3sjZB+k9szZiTc7AGDUC+MlCg="
        },
        "handlebars": {
            "version": "4.0.11",
            "resolved": "https://registry.npmjs.org/handlebars/-/handlebars-4.0.11.tgz",
            "integrity": "sha1-Ywo13+ApS8KB7a5v/F0yn8eYLcw=",
            "requires": {
                "async": "1.5.2",
                "optimist": "0.6.1",
                "source-map": "0.4.4",
                "uglify-js": "2.8.29"
            },
            "dependencies": {
                "async": {
                    "version": "1.5.2",
                    "resolved": "https://registry.npmjs.org/async/-/async-1.5.2.tgz",
                    "integrity": "sha1-7GphrlZIDAw8skHJVhjiCJL5Zyo="
                },
                "source-map": {
                    "version": "0.4.4",
                    "resolved": "https://registry.npmjs.org/source-map/-/source-map-0.4.4.tgz",
                    "integrity": "sha1-66T12pwNyZneaAMti092FzZSA2s=",
                    "requires": {
                        "amdefine": "1.0.1"
                    }
                }
            }
        },
        "handlebars-brunch": {
            "version": "1.10.1",
            "resolved": "https://registry.npmjs.org/handlebars-brunch/-/handlebars-brunch-1.10.1.tgz",
            "integrity": "sha1-kxQkwcig1k7EExVtJ2PBi2RlzN0=",
            "requires": {
                "handlebars": "4.0.11",
                "umd-wrapper": "0.1.0"
            }
        },
        "init-skeleton": {
            "version": "0.2.4",
            "resolved": "https://registry.npmjs.org/init-skeleton/-/init-skeleton-0.2.4.tgz",
            "integrity": "sha1-gmVXN6YtOzsBUzccWEcgkTIXGGM=",
            "requires": {
                "commander": "2.0.0",
                "loggy": "0.2.2",
                "mkdirp": "0.3.5",
                "ncp": "0.4.2",
                "rimraf": "2.2.8"
            }
        },
        "is-buffer": {
            "version": "1.1.6",
            "resolved": "https://registry.npmjs.org/is-buffer/-/is-buffer-1.1.6.tgz",
            "integrity": "sha512-NcdALwpXkTm5Zvvbk7owOUSvVvBKDgKP5/ewfXEznmQFfs4ZRmanOeKBTjRVjka3QFoN6XJ+9F3USqfHqTaU5w=="
        },
        "javascript-brunch": {
            "version": "1.7.1",
            "resolved": "https://registry.npmjs.org/javascript-brunch/-/javascript-brunch-1.7.1.tgz",
            "integrity": "sha1-gIEMzYzloix1JaRsC7lLS7nYGF0=",
            "requires": {
                "esprima": "1.0.4"
            }
        },
        "keypress": {
            "version": "0.1.0",
            "resolved": "https://registry.npmjs.org/keypress/-/keypress-0.1.0.tgz",
            "integrity": "sha1-SjGI1CkbZrT2XtuZ+AaqmuKTWSo="
        },
        "kind-of": {
            "version": "3.2.2",
            "resolved": "https://registry.npmjs.org/kind-of/-/kind-of-3.2.2.tgz",
            "integrity": "sha1-MeohpzS6ubuw8yRm2JOupR5KPGQ=",
            "requires": {
                "is-buffer": "1.1.6"
            }
        },
        "lazy-cache": {
            "version": "1.0.4",
            "resolved": "https://registry.npmjs.org/lazy-cache/-/lazy-cache-1.0.4.tgz",
            "integrity": "sha1-odePw6UEdMuAhF07O24dpJpEbo4=",
            "optional": true
        },
        "loggy": {
            "version": "0.2.2",
            "resolved": "https://registry.npmjs.org/loggy/-/loggy-0.2.2.tgz",
            "integrity": "sha1-ftyFcGqC12HOnO+Gjxr7rYQWVCc=",
            "requires": {
                "ansi-color": "0.2.1",
                "date-utils": "1.2.21",
                "growl": "1.8.1"
            }
        },
        "longest": {
            "version": "1.0.1",
            "resolved": "https://registry.npmjs.org/longest/-/longest-1.0.1.tgz",
            "integrity": "sha1-MKCy2jj3N3DoKUoNIuZiXtd9AJc="
        },
        "methods": {
            "version": "0.0.1",
            "resolved": "https://registry.npmjs.org/methods/-/methods-0.0.1.tgz",
            "integrity": "sha1-J3yQ+L7zlwlkWoNxxRw7bGSOBow="
        },
        "mime": {
            "version": "1.2.11",
            "resolved": "https://registry.npmjs.org/mime/-/mime-1.2.11.tgz",
            "integrity": "sha1-WCA+7Ybjpe8XrtK32evUfwpg3RA="
        },
        "minimist": {
            "version": "0.0.10",
            "resolved": "https://registry.npmjs.org/minimist/-/minimist-0.0.10.tgz",
            "integrity": "sha1-3j+YVD2/lggr5IrRoMfNqDYwHc8="
        },
        "mkdirp": {
            "version": "0.3.5",
            "resolved": "https://registry.npmjs.org/mkdirp/-/mkdirp-0.3.5.tgz",
            "integrity": "sha1-3j5fiWHIjHh+4TaN+EmsRBPsqNc="
        },
        "ncp": {
            "version": "0.4.2",
            "resolved": "https://registry.npmjs.org/ncp/-/ncp-0.4.2.tgz",
            "integrity": "sha1-q8xsvT7C7Spyn/bnwfqPAXhKhXQ="
        },
        "optimist": {
            "version": "0.6.1",
            "resolved": "https://registry.npmjs.org/optimist/-/optimist-0.6.1.tgz",
            "integrity": "sha1-2j6nRob6IaGaERwybpDrFaAZZoY=",
            "requires": {
                "minimist": "0.0.10",
                "wordwrap": "0.0.3"
            }
        },
        "pause": {
            "version": "0.0.1",
            "resolved": "https://registry.npmjs.org/pause/-/pause-0.0.1.tgz",
            "integrity": "sha1-HUCLP9t2kjuVQ9lvtMnf1TXZy10="
        },
        "progeny": {
            "version": "0.1.3",
            "resolved": "https://registry.npmjs.org/progeny/-/progeny-0.1.3.tgz",
            "integrity": "sha1-tGgdNBwq7fYrG/0yvjdfp3PaoJA=",
            "requires": {
                "async-each": "0.1.6"
            }
        },
        "pushserve": {
            "version": "0.1.6",
            "resolved": "https://registry.npmjs.org/pushserve/-/pushserve-0.1.6.tgz",
            "integrity": "sha1-oHsXP8JIi3HZr0pbN0Ebs9kdbic=",
            "requires": {
                "commander": "2.0.0",
                "connect-slashes": "0.0.11",
                "express": "3.3.8"
            }
        },
        "qs": {
            "version": "0.6.5",
            "resolved": "https://registry.npmjs.org/qs/-/qs-0.6.5.tgz",
            "integrity": "sha1-KUsmjksNQlD23eGbO4s0k13/FO8="
        },
        "range-parser": {
            "version": "0.0.4",
            "resolved": "https://registry.npmjs.org/range-parser/-/range-parser-0.0.4.tgz",
            "integrity": "sha1-wEJ//vUcEKy6B4KkbJYC50T/Ygs="
        },
        "read-components": {
            "version": "0.5.4",
            "resolved": "https://registry.npmjs.org/read-components/-/read-components-0.5.4.tgz",
            "integrity": "sha1-S6zVKar7RxFlxOBiLl1kgqne5X8=",
            "requires": {
                "async-each": "0.1.6"
            }
        },
        "repeat-string": {
            "version": "1.6.1",
            "resolved": "https://registry.npmjs.org/repeat-string/-/repeat-string-1.6.1.tgz",
            "integrity": "sha1-jcrkcOHIirwtYA//Sndihtp15jc="
        },
        "right-align": {
            "version": "0.1.3",
            "resolved": "https://registry.npmjs.org/right-align/-/right-align-0.1.3.tgz",
            "integrity": "sha1-YTObci/mo1FWiSENJOFMlhSGE+8=",
            "optional": true,
            "requires": {
                "align-text": "0.1.4"
            }
        },
        "rimraf": {
            "version": "2.2.8",
            "resolved": "https://registry.npmjs.org/rimraf/-/rimraf-2.2.8.tgz",
            "integrity": "sha1-5Dm+Kq7jJzIZUnMPmaiSnk/FBYI="
        },
        "sass-brunch": {
            "version": "1.7.0",
            "resolved": "https://registry.npmjs.org/sass-brunch/-/sass-brunch-1.7.0.tgz",
            "integrity": "sha1-0UKl5UjIfd5KtUIZNeG0v+j4dHM=",
            "requires": {
                "progeny": "0.1.3"
            }
        },
        "send": {
            "version": "0.1.4",
            "resolved": "https://registry.npmjs.org/send/-/send-0.1.4.tgz",
            "integrity": "sha1-vnDY0b4B3mGCGvE3gLUDRaT3Gr0=",
            "requires": {
                "debug": "0.7.4",
                "fresh": "0.2.0",
                "mime": "1.2.11",
                "range-parser": "0.0.4"
            }
        },
        "source-map": {
            "version": "0.1.43",
            "resolved": "https://registry.npmjs.org/source-map/-/source-map-0.1.43.tgz",
            "integrity": "sha1-wkvBRspRfBRx9drL4lcbK3+eM0Y=",
            "requires": {
                "amdefine": "1.0.1"
            }
        },
        "uglify-js": {
            "version": "2.8.29",
            "resolved": "https://registry.npmjs.org/uglify-js/-/uglify-js-2.8.29.tgz",
            "integrity": "sha1-KcVzMUgFe7Th913zW3qcty5qWd0=",
            "optional": true,
            "requires": {
                "source-map": "0.5.7",
                "uglify-to-browserify": "1.0.2",
                "yargs": "3.10.0"
            },
            "dependencies": {
                "source-map": {
                    "version": "0.5.7",
                    "resolved": "https://registry.npmjs.org/source-map/-/source-map-0.5.7.tgz",
                    "integrity": "sha1-igOdLRAh0i0eoUyA2OpGi6LvP8w=",
                    "optional": true
                },
                "yargs": {
                    "version": "3.10.0",
                    "resolved": "https://registry.npmjs.org/yargs/-/yargs-3.10.0.tgz",
                    "integrity": "sha1-9+572FfdfB0tOMDnTvvWgdFDH9E=",
                    "optional": true,
                    "requires": {
                        "camelcase": "1.2.1",
                        "cliui": "2.1.0",
                        "decamelize": "1.2.0",
                        "window-size": "0.1.0"
                    }
                }
            }
        },
        "uglify-js-brunch": {
            "version": "1.7.8",
            "resolved": "https://registry.npmjs.org/uglify-js-brunch/-/uglify-js-brunch-1.7.8.tgz",
            "integrity": "sha1-s23/vNGc/qJySNNHl+/+8a6dOmI=",
            "requires": {
                "uglify-js": "2.4.24"
            },
            "dependencies": {
                "source-map": {
                    "version": "0.1.34",
                    "resolved": "https://registry.npmjs.org/source-map/-/source-map-0.1.34.tgz",
                    "integrity": "sha1-p8/omux7FoLDsZjQrPtH19CQVms=",
                    "requires": {
                        "amdefine": "1.0.1"
                    }
                },
                "uglify-js": {
                    "version": "2.4.24",
                    "resolved": "https://registry.npmjs.org/uglify-js/-/uglify-js-2.4.24.tgz",
                    "integrity": "sha1-+tV1XB4Vd2WLsG/5q25UjJW+vW4=",
                    "requires": {
                        "async": "0.2.10",
                        "source-map": "0.1.34",
                        "uglify-to-browserify": "1.0.2",
                        "yargs": "3.5.4"
                    }
                }
            }
        },
        "uglify-to-browserify": {
            "version": "1.0.2",
            "resolved": "https://registry.npmjs.org/uglify-to-browserify/-/uglify-to-browserify-1.0.2.tgz",
            "integrity": "sha1-bgkk1r2mta/jSeOabWMoUKD4grc="
        },
        "uid2": {
            "version": "0.0.2",
            "resolved": "https://registry.npmjs.org/uid2/-/uid2-0.0.2.tgz",
            "integrity": "sha1-EH+xVcgsETZiB5ftTIjPKwj2qrg="
        },
        "umd-wrapper": {
            "version": "0.1.0",
            "resolved": "https://registry.npmjs.org/umd-wrapper/-/umd-wrapper-0.1.0.tgz",
            "integrity": "sha1-iym4cLCCVDqas7Siooe0uNcVMt4="
        },
        "window-size": {
            "version": "0.1.0",
            "resolved": "https://registry.npmjs.org/window-size/-/window-size-0.1.0.tgz",
            "integrity": "sha1-VDjNLqk7IC76Ohn+iIeu58lPnJ0="
        },
        "wordwrap": {
            "version": "0.0.3",
            "resolved": "https://registry.npmjs.org/wordwrap/-/wordwrap-0.0.3.tgz",
            "integrity": "sha1-o9XabNXAvAAI03I0u68b7WMFkQc="
        },
        "yargs": {
            "version": "3.5.4",
            "resolved": "https://registry.npmjs.org/yargs/-/yargs-3.5.4.tgz",
            "integrity": "sha1-2K/49mXpTDS9JZvevRv68N3TU2E=",
            "requires": {
                "camelcase": "1.2.1",
                "decamelize": "1.2.0",
                "window-size": "0.1.0",
                "wordwrap": "0.0.2"
            },
            "dependencies": {
                "wordwrap": {
                    "version": "0.0.2",
                    "resolved": "https://registry.npmjs.org/wordwrap/-/wordwrap-0.0.2.tgz",
                    "integrity": "sha1-t5Zpu0LstAn4PVg8rVLKF+qhZD8="
                }
            }
        }
    }
}
