{
    "name": "cointrol",
    "version": "0.0.1",
    "lockfileVersion": 1,
    "requires": true,
    "dependencies": {
        "acorn": {
            "version": "7.4.1",
            "resolved": "https://registry.npmjs.org/acorn/-/acorn-7.4.1.tgz",
            "integrity": "sha512-nQyp0o1/mNdbTO1PO6kHkwSrmgZ0MT/jCCpNiwbUjGoRN4dlBhqJtoQuCnEOKzgTVwg0ZWiCoQy6SxMebQVh8A=="
        },
        "acorn-node": {
            "version": "1.8.2",
            "resolved": "https://registry.npmjs.org/acorn-node/-/acorn-node-1.8.2.tgz",
            "integrity": "sha512-8mt+fslDufLYntIoPAaIMUe/lrbrehIiwmR3t2k9LljIzoigEPF27eLk2hy8zSGzmR/ogr7zbRKINMo1u0yh5A==",
            "requires": {
                "acorn": "^7.0.0",
                "acorn-walk": "^7.0.0",
                "xtend": "^4.0.2"
            }
        },
        "acorn-walk": {
            "version": "7.2.0",
            "resolved": "https://registry.npmjs.org/acorn-walk/-/acorn-walk-7.2.0.tgz",
            "integrity": "sha512-OPdCF6GsMIP+Az+aWfAAOEt2/+iVDKE7oy6lJ098aoe59oAmK76qV6Gw60SbZ8jHuG2wH058GF4pLFbYamYrVA=="
        },
        "align-text": {
            "version": "0.1.4",
            "resolved": "https://registry.npmjs.org/align-text/-/align-text-0.1.4.tgz",
            "integrity": "sha1-DNkKVhCT810KmSVsIrcGlDP60Rc=",
            "optional": true,
            "requires": {
                "kind-of": "3.2.2",
                "longest": "1.0.1",
                "repeat-string": "1.6.1"
            }
        },
        "amdefine": {
            "version": "1.0.1",
            "resolved": "https://registry.npmjs.org/amdefine/-/amdefine-1.0.1.tgz",
            "integrity": "sha1-SlKCrBZHKek2Gbz9OtFR+BfOkfU="
        },
        "anymatch": {
            "version": "3.1.2",
            "resolved": "https://registry.npmjs.org/anymatch/-/anymatch-3.1.2.tgz",
            "integrity": "sha512-P43ePfOAIupkguHUycrc4qJ9kz8ZiuOUijaETwX7THt0Y/GNK7v0aa8rY816xWjZ7rJdA5XdMcpVFTKMq+RvWg==",
            "requires": {
                "normalize-path": "^3.0.0",
                "picomatch": "^2.0.4"
            }
        },
        "anysort": {
            "version": "2.0.0",
            "resolved": "https://registry.npmjs.org/anysort/-/anysort-2.0.0.tgz",
            "integrity": "sha512-Vo6WEVULAOb5LraoA+6STmR5kr4CsCL4w3Jt8WMdSDH3N9LLpzjIcLnFE2cXZ4v50reshxM4DO/Y16ZHphHxWw==",
            "requires": {
                "anymatch": "^3"
            }
        },
        "async": {
            "version": "0.2.10",
            "resolved": "https://registry.npmjs.org/async/-/async-0.2.10.tgz",
            "integrity": "sha1-trvgsGdLnXGXCMo43owjfLUmw9E="
        },
        "async-each": {
            "version": "0.1.6",
            "resolved": "https://registry.npmjs.org/async-each/-/async-each-0.1.6.tgz",
            "integrity": "sha1-tn6Z7c3fllQeRK9WKQzX1cbnBDk="
        },
        "balanced-match": {
            "version": "1.0.2",
            "resolved": "https://registry.npmjs.org/balanced-match/-/balanced-match-1.0.2.tgz",
            "integrity": "sha512-3oSeUO0TMV67hN1AmbXsK4yaqU7tjiHlbxRDZOpH0KW9+CeX4bRAaX0Anxt0tx2MrpRpWwQaPwIlISEJhYU5Pw=="
        },
        "binary-extensions": {
            "version": "2.2.0",
            "resolved": "https://registry.npmjs.org/binary-extensions/-/binary-extensions-2.2.0.tgz",
            "integrity": "sha512-jDctJ/IVQbZoJykoeHbhXpOlNBqGNcwXJKJog42E5HDPUwQTSdjCHdihjj0DlnheQ7blbT6dHOafNAiS8ooQKA=="
        },
        "brace-expansion": {
            "version": "1.1.11",
            "resolved": "https://registry.npmjs.org/brace-expansion/-/brace-expansion-1.1.11.tgz",
            "integrity": "sha512-iCuPHDFgrHX7H2vEI/5xpz07zSHB00TpugqhmYtVmMO6518mCuRMoOYFldEBl0g187ufozdaHgWKcYFb61qGiA==",
            "requires": {
                "balanced-match": "^1.0.0",
                "concat-map": "0.0.1"
            }
        },
        "braces": {
            "version": "3.0.2",
            "resolved": "https://registry.npmjs.org/braces/-/braces-3.0.2.tgz",
            "integrity": "sha512-b8um+L1RzM3WDSzvhm6gIz1yfTbBt6YTlcEKAvsmqCZZFw46z626lVj9j1yEPW33H5H+lBQpZMP1k8l+78Ha0A==",
            "requires": {
                "fill-range": "^7.0.1"
            }
        },
        "browser-resolve": {
            "version": "1.11.3",
            "resolved": "https://registry.npmjs.org/browser-resolve/-/browser-resolve-1.11.3.tgz",
            "integrity": "sha512-exDi1BYWB/6raKHmDTCicQfTkqwN5fioMFV4j8BsfMU4R2DK/QfZfK7kOVkmWCNANf0snkBzqGqAJBao9gZMdQ==",
            "requires": {
                "resolve": "1.1.7"
            }
        },
        "brunch": {
            "version": "4.0.2",
            "resolved": "https://registry.npmjs.org/brunch/-/brunch-4.0.2.tgz",
            "integrity": "sha512-J+6M9uDk1/24+OTFauNoTqEiD6UVoIbpQeqnZX/YTwKyrsTJ2LbA6L1Nf1oWE2QWwd6BXHIvFg+qK92SqC+Rxg==",
            "requires": {
                "anymatch": "3.1.2",
                "anysort": "^2.0.0",
                "brunch-skeletons": "^0.2.0",
                "chokidar": "^3.5.1",
                "commander": "~5.0.0",
                "commonjs-require-definition": "^0.6.3",
                "debug": "^4.1.1",
                "deppack": "^0.10.0",
                "deps-install": "~0.2.1",
                "fcache": "~0.3",
                "hosted-git-info": "5.0.0",
                "loggy": "~1.0.8",
                "ncp": "^2.0.0",
                "normalize-git-url": "^3.0.2",
                "serve-handler": "^6.1.3",
                "since-app-start": "~0.3.3",
                "skemata": "~0.1.2",
                "source-map": "~0.5",
                "universal-path": "^0.1.0"
            },
            "dependencies": {
                "source-map": {
                    "version": "0.5.7",
                    "resolved": "https://registry.npmjs.org/source-map/-/source-map-0.5.7.tgz",
                    "integrity": "sha512-LbrmJOMUSdEVxIKvdcJzQC+nQhe8FUZQTXQy6+I75skNgn3OoQ0DZA8YnFa7gp8tqtL3KPf1kmo0R5DoApeSGQ=="
                }
            }
        },
        "brunch-skeletons": {
            "version": "0.2.0",
            "resolved": "https://registry.npmjs.org/brunch-skeletons/-/brunch-skeletons-0.2.0.tgz",
            "integrity": "sha512-+ywd1mCqyTBjx0ENEC918IhLnV2gaUMkAU49ioIrKcLdt9cT77OvpWDtSwuKcSo3BDhbGYo2Bx1c10qoEtd7Iw=="
        },
        "bytes": {
            "version": "3.0.0",
            "resolved": "https://registry.npmjs.org/bytes/-/bytes-3.0.0.tgz",
            "integrity": "sha512-pMhOfFDPiv9t5jjIXkHosWmkSyQbvsgEVNkz0ERHbuLh2T/7j4Mqqpz523Fe8MVY89KC6Sh/QfS2sM+SjgFDcw=="
        },
        "camelcase": {
            "version": "1.2.1",
            "resolved": "https://registry.npmjs.org/camelcase/-/camelcase-1.2.1.tgz",
            "integrity": "sha1-m7UwTS4LVmmLLHWLCKPqqdqlijk="
        },
        "center-align": {
            "version": "0.1.3",
            "resolved": "https://registry.npmjs.org/center-align/-/center-align-0.1.3.tgz",
            "integrity": "sha1-qg0yYptu6XIgBBHL1EYckHvCt60=",
            "optional": true,
            "requires": {
                "align-text": "0.1.4",
                "lazy-cache": "1.0.4"
            }
        },
        "chokidar": {
            "version": "3.5.3",
            "resolved": "https://registry.npmjs.org/chokidar/-/chokidar-3.5.3.tgz",
            "integrity": "sha512-Dr3sfKRP6oTcjf2JmUmFJfeVMvXBdegxB0iVQ5eb2V10uFJUCAS8OByZdVAyVb8xXNz3GjjTgj9kLWsZTqE6kw==",
            "requires": {
                "anymatch": "~3.1.2",
                "braces": "~3.0.2",
                "fsevents": "~2.3.2",
                "glob-parent": "~5.1.2",
                "is-binary-path": "~2.1.0",
                "is-glob": "~4.0.1",
                "normalize-path": "~3.0.0",
                "readdirp": "~3.6.0"
            }
        },
        "clean-css": {
            "version": "3.1.9",
            "resolved": "https://registry.npmjs.org/clean-css/-/clean-css-3.1.9.tgz",
            "integrity": "sha1-29BaFIvklDuzfOBnnmdsvJ9YAmY=",
            "requires": {
                "commander": "2.6.0",
                "source-map": "0.1.43"
            },
            "dependencies": {
                "commander": {
                    "version": "2.6.0",
                    "resolved": "https://registry.npmjs.org/commander/-/commander-2.6.0.tgz",
                    "integrity": "sha1-nfflL7Kgyw+4kFjugMMQQiXzfh0="
                }
            }
        },
        "clean-css-brunch": {
            "version": "1.7.2",
            "resolved": "https://registry.npmjs.org/clean-css-brunch/-/clean-css-brunch-1.7.2.tgz",
            "integrity": "sha1-FOhan5VzjBXNhZ3JP5gqGZewIKo=",
            "requires": {
                "clean-css": "3.1.9"
            }
        },
        "cliui": {
            "version": "2.1.0",
            "resolved": "https://registry.npmjs.org/cliui/-/cliui-2.1.0.tgz",
            "integrity": "sha1-S0dXYP+AJkx2LDoXGQMukcf+oNE=",
            "optional": true,
            "requires": {
                "center-align": "0.1.3",
                "right-align": "0.1.3",
                "wordwrap": "0.0.2"
            },
            "dependencies": {
                "wordwrap": {
                    "version": "0.0.2",
                    "resolved": "https://registry.npmjs.org/wordwrap/-/wordwrap-0.0.2.tgz",
                    "integrity": "sha1-t5Zpu0LstAn4PVg8rVLKF+qhZD8=",
                    "optional": true
                }
            }
        },
        "coffee-script": {
            "version": "1.6.3",
            "resolved": "https://registry.npmjs.org/coffee-script/-/coffee-script-1.6.3.tgz",
            "integrity": "sha1-Y1XTLPGwTN/2tITl5xF4Ky8MOb4="
        },
        "coffee-script-brunch": {
            "version": "1.7.3",
            "resolved": "https://registry.npmjs.org/coffee-script-brunch/-/coffee-script-brunch-1.7.3.tgz",
            "integrity": "sha1-OVPJ89BFUMForo5I+Ql/p1M97wo=",
            "requires": {
                "coffee-script": "1.6.3"
            }
        },
        "colorette": {
            "version": "1.1.0",
            "resolved": "https://registry.npmjs.org/colorette/-/colorette-1.1.0.tgz",
            "integrity": "sha512-6S062WDQUXi6hOfkO/sBPVwE5ASXY4G2+b4atvhJfSsuUUhIaUKlkjLe9692Ipyt5/a+IPF5aVTu3V5gvXq5cg=="
        },
        "commander": {
            "version": "5.0.0",
            "resolved": "https://registry.npmjs.org/commander/-/commander-5.0.0.tgz",
            "integrity": "sha512-JrDGPAKjMGSP1G0DUoaceEJ3DZgAfr/q6X7FVk4+U5KxUSKviYGM2k6zWkfyyBHy5rAtzgYJFa1ro2O9PtoxwQ=="
        },
        "commonjs-require-definition": {
            "version": "0.6.3",
            "resolved": "https://registry.npmjs.org/commonjs-require-definition/-/commonjs-require-definition-0.6.3.tgz",
            "integrity": "sha512-zBIo1YrBat66dXiTeXPNAsh8YfbTxwpOVP71bmjDhQciJoq8hv9eA9fG0fLDD/f9EZbsJkNq6V42Y+fdhaal4Q=="
        },
        "concat-map": {
            "version": "0.0.1",
            "resolved": "https://registry.npmjs.org/concat-map/-/concat-map-0.0.1.tgz",
            "integrity": "sha512-/Srv4dswyQNBfohGpz9o6Yb3Gz3SrUDqBH5rTuhGR7ahtlbYKnVxw2bCFMRljaA7EXHaXZ8wsHdodFvbkhKmqg=="
        },
        "content-disposition": {
            "version": "0.5.2",
            "resolved": "https://registry.npmjs.org/content-disposition/-/content-disposition-0.5.2.tgz",
            "integrity": "sha512-kRGRZw3bLlFISDBgwTSA1TMBFN6J6GWDeubmDE3AF+3+yXL8hTWv8r5rkLbqYXY4RjPk/EzHnClI3zQf1cFmHA=="
        },
        "css-brunch": {
            "version": "1.7.0",
            "resolved": "https://registry.npmjs.org/css-brunch/-/css-brunch-1.7.0.tgz",
            "integrity": "sha1-JYwbA4qXCECvDGqOVYL2FAUClNo="
        },
        "debug": {
            "version": "4.3.4",
            "resolved": "https://registry.npmjs.org/debug/-/debug-4.3.4.tgz",
            "integrity": "sha512-PRWFHuSU3eDtQJPvnNY7Jcket1j0t5OuOsFzPPzsekD52Zl8qUfFIPEiswXqIvHWGVHOgX+7G/vCNNhehwxfkQ==",
            "requires": {
                "ms": "2.1.2"
            }
        },
        "decamelize": {
            "version": "1.2.0",
            "resolved": "https://registry.npmjs.org/decamelize/-/decamelize-1.2.0.tgz",
            "integrity": "sha1-9lNNFRSCabIDUue+4m9QH5oZEpA="
        },
        "deep-assign": {
            "version": "2.0.0",
            "resolved": "https://registry.npmjs.org/deep-assign/-/deep-assign-2.0.0.tgz",
            "integrity": "sha512-2QhG3Kxulu4XIF3WL5C5x0sc/S17JLgm1SfvDfIRsR/5m7ZGmcejII7fZ2RyWhN0UWIJm0TNM/eKow6LAn3evQ==",
            "requires": {
                "is-obj": "^1.0.0"
            }
        },
        "defined": {
            "version": "1.0.1",
            "resolved": "https://registry.npmjs.org/defined/-/defined-1.0.1.tgz",
            "integrity": "sha512-hsBd2qSVCRE+5PmNdHt1uzyrFu5d3RwmFDKzyNZMFq/EwDNJF7Ee5+D5oEKF0hU6LhtoUF1macFvOe4AskQC1Q=="
        },
        "deppack": {
            "version": "0.10.0",
            "resolved": "https://registry.npmjs.org/deppack/-/deppack-0.10.0.tgz",
            "integrity": "sha512-R0F7zPCx4t8Ft5XlLSH5zbtMyB+XQf0Mp/7SamviKOhYBBnFJQhINzPIhtWSS+BFQxHrZI9sN/Z7awl+4gsPvA==",
            "requires": {
                "anymatch": "^3.0.0",
                "async-each": "^1.0.3",
                "browser-resolve": "^1.11.1",
                "deep-assign": "^2.0.0",
                "detective": "^5.2.0",
                "glob": "^7.1.5",
                "loggy": "^1.0.8",
                "true-case-path": "^1.0.2"
            },
            "dependencies": {
                "async-each": {
                    "version": "1.0.3",
                    "resolved": "https://registry.npmjs.org/async-each/-/async-each-1.0.3.tgz",
                    "integrity": "sha512-z/WhQ5FPySLdvREByI2vZiTWwCnF0moMJ1hK9YQwDTHKh6I7/uSckMetoRGb5UBZPC1z0jlw+n/XCgjeH7y1AQ=="
                }
            }
        },
        "deps-install": {
            "version": "0.2.2",
            "resolved": "https://registry.npmjs.org/deps-install/-/deps-install-0.2.2.tgz",
            "integrity": "sha512-6KPQ4BFPPQKZeACKTwRBFbFYSj2+pka4v/JWOlkdgEFb4dV7IBJMuiivROhq1yCJY33f7G6yU2tzVuL8G6LgTA==",
            "requires": {
                "readdirp": "^3.2.0",
                "semver": "^6.3.0"
            }
        },
        "detective": {
            "version": "5.2.1",
            "resolved": "https://registry.npmjs.org/detective/-/detective-5.2.1.tgz",
            "integrity": "sha512-v9XE1zRnz1wRtgurGu0Bs8uHKFSTdteYZNbIPFVhUZ39L/S79ppMpdmVOZAnoz1jfEFodc48n6MX483Xo3t1yw==",
            "requires": {
                "acorn-node": "^1.8.2",
                "defined": "^1.0.0",
                "minimist": "^1.2.6"
            },
            "dependencies": {
                "minimist": {
                    "version": "1.2.7",
                    "resolved": "https://registry.npmjs.org/minimist/-/minimist-1.2.7.tgz",
                    "integrity": "sha512-bzfL1YUZsP41gmu/qjrEk0Q6i2ix/cVeAhbCbqH9u3zYutS1cLg00qhrD0M2MVdCcx4Sc0UpP2eBWo9rotpq6g=="
                }
            }
        },
        "esprima": {
            "version": "1.0.4",
            "resolved": "https://registry.npmjs.org/esprima/-/esprima-1.0.4.tgz",
            "integrity": "sha1-n1V+CPw7TSbs6d00+Pv0drYlha0="
        },
        "fast-levenshtein": {
            "version": "1.1.4",
            "resolved": "https://registry.npmjs.org/fast-levenshtein/-/fast-levenshtein-1.1.4.tgz",
            "integrity": "sha512-Ia0sQNrMPXXkqVFt6w6M1n1oKo3NfKs+mvaV811Jwir7vAk9a6PVV9VPYf6X3BU97QiLEmuW3uXH9u87zDFfdw=="
        },
        "fast-url-parser": {
            "version": "1.1.3",
            "resolved": "https://registry.npmjs.org/fast-url-parser/-/fast-url-parser-1.1.3.tgz",
            "integrity": "sha512-5jOCVXADYNuRkKFzNJ0dCCewsZiYo0dz8QNYljkOpFC6r2U4OBmKtvm/Tsuh4w1YYdDqDb31a8TVhBJ2OJKdqQ==",
            "requires": {
                "punycode": "^1.3.2"
            }
        },
        "fcache": {
            "version": "0.3.0",
            "resolved": "https://registry.npmjs.org/fcache/-/fcache-0.3.0.tgz",
            "integrity": "sha512-8fCgOzPw6kAdkgKDMOfoYxVlbdcMm/Gy1BPqN4umOmVC4okwIy9jfuKuBMPrV7dBUl4mTC4gtGE60Xg9fLXsCg=="
        },
        "fill-range": {
            "version": "7.0.1",
            "resolved": "https://registry.npmjs.org/fill-range/-/fill-range-7.0.1.tgz",
            "integrity": "sha512-qOo9F+dMUmC2Lcb4BbVvnKJxTPjCm+RRpe4gDuGrzkL7mEVl/djYSu2OdQ2Pa302N4oqkSg9ir6jaLWJ2USVpQ==",
            "requires": {
                "to-regex-range": "^5.0.1"
            }
        },
        "fs.realpath": {
            "version": "1.0.0",
            "resolved": "https://registry.npmjs.org/fs.realpath/-/fs.realpath-1.0.0.tgz",
            "integrity": "sha512-OO0pH2lK6a0hZnAdau5ItzHPI6pUlvI7jMVnxUQRtw4owF2wk8lOSabtGDCTP4Ggrg2MbGnWO9X8K1t4+fGMDw=="
        },
        "fsevents": {
            "version": "2.3.2",
            "resolved": "https://registry.npmjs.org/fsevents/-/fsevents-2.3.2.tgz",
            "integrity": "sha512-xiqMQR4xAeHTuB9uWm+fFRcIOgKBMiOBP+eXiyT7jsgVCq1bkVygt00oASowB7EdtpOHaaPgKt812P9ab+DDKA==",
            "optional": true
        },
        "glob": {
            "version": "7.2.3",
            "resolved": "https://registry.npmjs.org/glob/-/glob-7.2.3.tgz",
            "integrity": "sha512-nFR0zLpU2YCaRxwoCJvL6UvCH2JFyFVIvwTLsIf21AuHlMskA1hhTdk+LlYJtOlYt9v6dvszD2BGRqBL+iQK9Q==",
            "requires": {
                "fs.realpath": "^1.0.0",
                "inflight": "^1.0.4",
                "inherits": "2",
                "minimatch": "^3.1.1",
                "once": "^1.3.0",
                "path-is-absolute": "^1.0.0"
            }
        },
        "glob-parent": {
            "version": "5.1.2",
            "resolved": "https://registry.npmjs.org/glob-parent/-/glob-parent-5.1.2.tgz",
            "integrity": "sha512-AOIgSQCepiJYwP3ARnGx+5VnTu2HBYdzbGP45eLw1vr3zB3vZLeyed1sC9hnbcOc9/SrMyM5RPQrkGz4aS9Zow==",
            "requires": {
                "is-glob": "^4.0.1"
            }
        },
        "handlebars": {
            "version": "4.0.11",
            "resolved": "https://registry.npmjs.org/handlebars/-/handlebars-4.0.11.tgz",
            "integrity": "sha1-Ywo13+ApS8KB7a5v/F0yn8eYLcw=",
            "requires": {
                "async": "1.5.2",
                "optimist": "0.6.1",
                "source-map": "0.4.4",
                "uglify-js": "2.8.29"
            },
            "dependencies": {
                "async": {
                    "version": "1.5.2",
                    "resolved": "https://registry.npmjs.org/async/-/async-1.5.2.tgz",
                    "integrity": "sha1-7GphrlZIDAw8skHJVhjiCJL5Zyo="
                },
                "source-map": {
                    "version": "0.4.4",
                    "resolved": "https://registry.npmjs.org/source-map/-/source-map-0.4.4.tgz",
                    "integrity": "sha1-66T12pwNyZneaAMti092FzZSA2s=",
                    "requires": {
                        "amdefine": "1.0.1"
                    }
                }
            }
        },
        "handlebars-brunch": {
            "version": "1.10.1",
            "resolved": "https://registry.npmjs.org/handlebars-brunch/-/handlebars-brunch-1.10.1.tgz",
            "integrity": "sha1-kxQkwcig1k7EExVtJ2PBi2RlzN0=",
            "requires": {
                "handlebars": "4.0.11",
                "umd-wrapper": "0.1.0"
            }
        },
        "hosted-git-info": {
            "version": "5.0.0",
            "resolved": "https://registry.npmjs.org/hosted-git-info/-/hosted-git-info-5.0.0.tgz",
            "integrity": "sha512-rRnjWu0Bxj+nIfUOkz0695C0H6tRrN5iYIzYejb0tDEefe2AekHu/U5Kn9pEie5vsJqpNQU02az7TGSH3qpz4Q==",
            "requires": {
                "lru-cache": "^7.5.1"
            }
        },
        "inflight": {
            "version": "1.0.6",
            "resolved": "https://registry.npmjs.org/inflight/-/inflight-1.0.6.tgz",
            "integrity": "sha512-k92I/b08q4wvFscXCLvqfsHCrjrF7yiXsQuIVvVE7N82W3+aqpzuUdBbfhWcy/FZR3/4IgflMgKLOsvPDrGCJA==",
            "requires": {
                "once": "^1.3.0",
                "wrappy": "1"
            }
        },
        "inherits": {
            "version": "2.0.4",
            "resolved": "https://registry.npmjs.org/inherits/-/inherits-2.0.4.tgz",
            "integrity": "sha512-k/vGaX4/Yla3WzyMCvTQOXYeIHvqOKtnqBduzTHpzpQZzAskKMhZ2K+EnBiSM9zGSoIFeMpXKxa4dYeZIQqewQ=="
        },
        "is-binary-path": {
            "version": "2.1.0",
            "resolved": "https://registry.npmjs.org/is-binary-path/-/is-binary-path-2.1.0.tgz",
            "integrity": "sha512-ZMERYes6pDydyuGidse7OsHxtbI7WVeUEozgR/g7rd0xUimYNlvZRE/K2MgZTjWy725IfelLeVcEM97mmtRGXw==",
            "requires": {
                "binary-extensions": "^2.0.0"
            }
        },
        "is-buffer": {
            "version": "1.1.6",
            "resolved": "https://registry.npmjs.org/is-buffer/-/is-buffer-1.1.6.tgz",
            "integrity": "sha512-NcdALwpXkTm5Zvvbk7owOUSvVvBKDgKP5/ewfXEznmQFfs4ZRmanOeKBTjRVjka3QFoN6XJ+9F3USqfHqTaU5w==",
            "optional": true
        },
        "is-extglob": {
            "version": "2.1.1",
            "resolved": "https://registry.npmjs.org/is-extglob/-/is-extglob-2.1.1.tgz",
            "integrity": "sha512-SbKbANkN603Vi4jEZv49LeVJMn4yGwsbzZworEoyEiutsN3nJYdbO36zfhGJ6QEDpOZIFkDtnq5JRxmvl3jsoQ=="
        },
        "is-glob": {
            "version": "4.0.3",
            "resolved": "https://registry.npmjs.org/is-glob/-/is-glob-4.0.3.tgz",
            "integrity": "sha512-xelSayHH36ZgE7ZWhli7pW34hNbNl8Ojv5KVmkJD4hBdD3th8Tfk9vYasLM+mXWOZhFkgZfxhLSnrwRr4elSSg==",
            "requires": {
                "is-extglob": "^2.1.1"
            }
        },
        "is-number": {
            "version": "7.0.0",
            "resolved": "https://registry.npmjs.org/is-number/-/is-number-7.0.0.tgz",
            "integrity": "sha512-41Cifkg6e8TylSpdtTpeLVMqvSBEVzTttHvERD741+pnZ8ANv0004MRL43QKPDlK9cGvNp6NZWZUBlbGXYxxng=="
        },
        "is-obj": {
            "version": "1.0.1",
            "resolved": "https://registry.npmjs.org/is-obj/-/is-obj-1.0.1.tgz",
            "integrity": "sha512-l4RyHgRqGN4Y3+9JHVrNqO+tN0rV5My76uW5/nuO4K1b6vw5G8d/cmFjP9tRfEsdhZNt0IFdZuK/c2Vr4Nb+Qg=="
        },
        "javascript-brunch": {
            "version": "1.7.1",
            "resolved": "https://registry.npmjs.org/javascript-brunch/-/javascript-brunch-1.7.1.tgz",
            "integrity": "sha1-gIEMzYzloix1JaRsC7lLS7nYGF0=",
            "requires": {
                "esprima": "1.0.4"
            }
        },
        "kind-of": {
            "version": "3.2.2",
            "resolved": "https://registry.npmjs.org/kind-of/-/kind-of-3.2.2.tgz",
            "integrity": "sha1-MeohpzS6ubuw8yRm2JOupR5KPGQ=",
            "optional": true,
            "requires": {
                "is-buffer": "1.1.6"
            }
        },
        "lazy-cache": {
            "version": "1.0.4",
            "resolved": "https://registry.npmjs.org/lazy-cache/-/lazy-cache-1.0.4.tgz",
            "integrity": "sha1-odePw6UEdMuAhF07O24dpJpEbo4=",
            "optional": true
        },
        "loggy": {
            "version": "1.0.8",
            "resolved": "https://registry.npmjs.org/loggy/-/loggy-1.0.8.tgz",
            "integrity": "sha512-3gXR0rOS4fnxVXGeiQID95/IML//jSbKx5T1GatifpzpOwDoOsTtlt25gosiBq27Mn4YnbzWB/DsKncnaLWKSg==",
            "requires": {
                "colorette": "~1.1",
                "native-notifier": "~0.1.6"
            }
        },
        "longest": {
            "version": "1.0.1",
            "resolved": "https://registry.npmjs.org/longest/-/longest-1.0.1.tgz",
            "integrity": "sha1-MKCy2jj3N3DoKUoNIuZiXtd9AJc=",
            "optional": true
        },
        "lru-cache": {
            "version": "7.14.1",
            "resolved": "https://registry.npmjs.org/lru-cache/-/lru-cache-7.14.1.tgz",
            "integrity": "sha512-ysxwsnTKdAx96aTRdhDOCQfDgbHnt8SK0KY8SEjO0wHinhWOFTESbjVCMPbU1uGXg/ch4lifqx0wfjOawU2+WA=="
        },
        "mime-db": {
            "version": "1.33.0",
            "resolved": "https://registry.npmjs.org/mime-db/-/mime-db-1.33.0.tgz",
            "integrity": "sha512-BHJ/EKruNIqJf/QahvxwQZXKygOQ256myeN/Ew+THcAa5q+PjyTTMMeNQC4DZw5AwfvelsUrA6B67NKMqXDbzQ=="
        },
        "mime-types": {
            "version": "2.1.18",
            "resolved": "https://registry.npmjs.org/mime-types/-/mime-types-2.1.18.tgz",
            "integrity": "sha512-lc/aahn+t4/SWV/qcmumYjymLsWfN3ELhpmVuUFjgsORruuZPVSwAQryq+HHGvO/SI2KVX26bx+En+zhM8g8hQ==",
            "requires": {
                "mime-db": "~1.33.0"
            }
        },
        "minimatch": {
            "version": "3.1.2",
            "resolved": "https://registry.npmjs.org/minimatch/-/minimatch-3.1.2.tgz",
            "integrity": "sha512-J7p63hRiAjw1NDEww1W7i37+ByIrOWO5XQQAzZ3VOcL0PNybwpfmV/N05zFAzwQ9USyEcX6t3UO+K5aqBQOIHw==",
            "requires": {
                "brace-expansion": "^1.1.7"
            }
        },
        "minimist": {
            "version": "0.0.10",
            "resolved": "https://registry.npmjs.org/minimist/-/minimist-0.0.10.tgz",
            "integrity": "sha1-3j+YVD2/lggr5IrRoMfNqDYwHc8="
        },
        "ms": {
            "version": "2.1.2",
            "resolved": "https://registry.npmjs.org/ms/-/ms-2.1.2.tgz",
            "integrity": "sha512-sGkPx+VjMtmA6MX27oA4FBFELFCZZ4S4XqeGOXCv68tT+jb3vk/RyaKWP0PTKyWtmLSM0b+adUTEvbs1PEaH2w=="
        },
        "native-notifier": {
            "version": "0.1.6",
            "resolved": "https://registry.npmjs.org/native-notifier/-/native-notifier-0.1.6.tgz",
            "integrity": "sha512-BwRtjqhNsS2HpeVrNmERzQqZTFxR+MoJr/RdfCwZ0ODKyc/0EcHQhwnPwZr99gT1uHgRqbDk3C5fOo70TVYlcQ==",
            "requires": {
                "tag-shell": "~0.1.0"
            }
        },
        "ncp": {
            "version": "2.0.0",
            "resolved": "https://registry.npmjs.org/ncp/-/ncp-2.0.0.tgz",
            "integrity": "sha512-zIdGUrPRFTUELUvr3Gmc7KZ2Sw/h1PiVM0Af/oHB6zgnV1ikqSfRk+TOufi79aHYCW3NiOXmr1BP5nWbzojLaA=="
        },
        "normalize-git-url": {
            "version": "3.0.2",
            "resolved": "https://registry.npmjs.org/normalize-git-url/-/normalize-git-url-3.0.2.tgz",
            "integrity": "sha512-UEmKT33ssKLLoLCsFJ4Si4fmNQsedNwivXpuNTR4V1I97jU9WZlicTV1xn5QAG5itE5B3Z9zhl8OItP6wIGkRA=="
        },
        "normalize-path": {
            "version": "3.0.0",
            "resolved": "https://registry.npmjs.org/normalize-path/-/normalize-path-3.0.0.tgz",
            "integrity": "sha512-6eZs5Ls3WtCisHWp9S2GUy8dqkpGi4BVSz3GaqiE6ezub0512ESztXUwUB6C6IKbQkY2Pnb/mD4WYojCRwcwLA=="
        },
        "once": {
            "version": "1.4.0",
            "resolved": "https://registry.npmjs.org/once/-/once-1.4.0.tgz",
            "integrity": "sha512-lNaJgI+2Q5URQBkccEKHTQOPaXdUxnZZElQTZY0MFUAuaEqe1E+Nyvgdz/aIyNi6Z9MzO5dv1H8n58/GELp3+w==",
            "requires": {
                "wrappy": "1"
            }
        },
        "optimist": {
            "version": "0.6.1",
            "resolved": "https://registry.npmjs.org/optimist/-/optimist-0.6.1.tgz",
            "integrity": "sha1-2j6nRob6IaGaERwybpDrFaAZZoY=",
            "requires": {
                "minimist": "0.0.10",
                "wordwrap": "0.0.3"
            }
        },
        "path-is-absolute": {
            "version": "1.0.1",
            "resolved": "https://registry.npmjs.org/path-is-absolute/-/path-is-absolute-1.0.1.tgz",
            "integrity": "sha512-AVbw3UJ2e9bq64vSaS9Am0fje1Pa8pbGqTTsmXfaIiMpnr5DlDhfJOuLj9Sf95ZPVDAUerDfEk88MPmPe7UCQg=="
        },
        "path-is-inside": {
            "version": "1.0.2",
            "resolved": "https://registry.npmjs.org/path-is-inside/-/path-is-inside-1.0.2.tgz",
            "integrity": "sha512-DUWJr3+ULp4zXmol/SZkFf3JGsS9/SIv+Y3Rt93/UjPpDpklB5f1er4O3POIbUuUJ3FXgqte2Q7SrU6zAqwk8w=="
        },
        "path-to-regexp": {
            "version": "2.2.1",
            "resolved": "https://registry.npmjs.org/path-to-regexp/-/path-to-regexp-2.2.1.tgz",
            "integrity": "sha512-gu9bD6Ta5bwGrrU8muHzVOBFFREpp2iRkVfhBJahwJ6p6Xw20SjT0MxLnwkjOibQmGSYhiUnf2FLe7k+jcFmGQ=="
        },
        "picomatch": {
            "version": "2.3.1",
            "resolved": "https://registry.npmjs.org/picomatch/-/picomatch-2.3.1.tgz",
            "integrity": "sha512-JU3teHTNjmE2VCGFzuY8EXzCDVwEqB2a8fsIvwaStHhAWJEeVd1o1QD80CU6+ZdEXXSLbSsuLwJjkCBWqRQUVA=="
        },
        "progeny": {
            "version": "0.1.3",
            "resolved": "https://registry.npmjs.org/progeny/-/progeny-0.1.3.tgz",
            "integrity": "sha1-tGgdNBwq7fYrG/0yvjdfp3PaoJA=",
            "requires": {
                "async-each": "0.1.6"
            }
        },
        "punycode": {
            "version": "1.4.1",
            "resolved": "https://registry.npmjs.org/punycode/-/punycode-1.4.1.tgz",
            "integrity": "sha512-jmYNElW7yvO7TV33CjSmvSiE2yco3bV2czu/OzDKdMNVZQWfxCblURLhf+47syQRBntjfLdd/H0egrzIG+oaFQ=="
        },
        "range-parser": {
            "version": "1.2.0",
            "resolved": "https://registry.npmjs.org/range-parser/-/range-parser-1.2.0.tgz",
            "integrity": "sha512-kA5WQoNVo4t9lNx2kQNFCxKeBl5IbbSNBl1M/tLkw9WCn+hxNBAW5Qh8gdhs63CJnhjJ2zQWFoqPJP2sK1AV5A=="
        },
        "readdirp": {
            "version": "3.6.0",
            "resolved": "https://registry.npmjs.org/readdirp/-/readdirp-3.6.0.tgz",
            "integrity": "sha512-hOS089on8RduqdbhvQ5Z37A0ESjsqz6qnRcffsMU3495FuTdqSm+7bhJ29JvIOsBDEEnan5DPu9t3To9VRlMzA==",
            "requires": {
                "picomatch": "^2.2.1"
            }
        },
        "repeat-string": {
            "version": "1.6.1",
            "resolved": "https://registry.npmjs.org/repeat-string/-/repeat-string-1.6.1.tgz",
            "integrity": "sha1-jcrkcOHIirwtYA//Sndihtp15jc=",
            "optional": true
        },
        "resolve": {
            "version": "1.1.7",
            "resolved": "https://registry.npmjs.org/resolve/-/resolve-1.1.7.tgz",
            "integrity": "sha512-9znBF0vBcaSN3W2j7wKvdERPwqTxSpCq+if5C0WoTCyV9n24rua28jeuQ2pL/HOf+yUe/Mef+H/5p60K0Id3bg=="
        },
        "right-align": {
            "version": "0.1.3",
            "resolved": "https://registry.npmjs.org/right-align/-/right-align-0.1.3.tgz",
            "integrity": "sha1-YTObci/mo1FWiSENJOFMlhSGE+8=",
            "optional": true,
            "requires": {
                "align-text": "0.1.4"
            }
        },
        "sass-brunch": {
            "version": "1.7.0",
            "resolved": "https://registry.npmjs.org/sass-brunch/-/sass-brunch-1.7.0.tgz",
            "integrity": "sha1-0UKl5UjIfd5KtUIZNeG0v+j4dHM=",
            "requires": {
                "progeny": "0.1.3"
            }
        },
        "semver": {
            "version": "6.3.0",
            "resolved": "https://registry.npmjs.org/semver/-/semver-6.3.0.tgz",
            "integrity": "sha512-b39TBaTSfV6yBrapU89p5fKekE2m/NwnDocOVruQFS1/veMgdzuPcnOM34M6CwxW8jH/lxEa5rBoDeUwu5HHTw=="
        },
        "serve-handler": {
            "version": "6.1.5",
            "resolved": "https://registry.npmjs.org/serve-handler/-/serve-handler-6.1.5.tgz",
            "integrity": "sha512-ijPFle6Hwe8zfmBxJdE+5fta53fdIY0lHISJvuikXB3VYFafRjMRpOffSPvCYsbKyBA7pvy9oYr/BT1O3EArlg==",
            "requires": {
                "bytes": "3.0.0",
                "content-disposition": "0.5.2",
                "fast-url-parser": "1.1.3",
                "mime-types": "2.1.18",
                "minimatch": "3.1.2",
                "path-is-inside": "1.0.2",
                "path-to-regexp": "2.2.1",
                "range-parser": "1.2.0"
            }
        },
        "since-app-start": {
            "version": "0.3.3",
            "resolved": "https://registry.npmjs.org/since-app-start/-/since-app-start-0.3.3.tgz",
            "integrity": "sha512-CvVjdZvSgaUP4mMOLn8NZtYKFF2RYboEaTBKdj5F+Jm6SpCQ/kZgnMVMNHhOUgBzHusBe8aio0Gri8ci2utOXw==",
            "requires": {
                "debug": "~3.1.0"
            },
            "dependencies": {
                "debug": {
                    "version": "3.1.0",
                    "resolved": "https://registry.npmjs.org/debug/-/debug-3.1.0.tgz",
                    "integrity": "sha512-OX8XqP7/1a9cqkxYw2yXss15f26NKWBpDXQd0/uK/KPqdQhxbPa994hnzjcE2VqQpDslf55723cKPUOGSmMY3g==",
                    "requires": {
                        "ms": "2.0.0"
                    }
                },
                "ms": {
                    "version": "2.0.0",
                    "resolved": "https://registry.npmjs.org/ms/-/ms-2.0.0.tgz",
                    "integrity": "sha512-Tpp60P6IUJDTuOq/5Z8cdskzJujfwqfOTkrwIwj7IRISpnkJnT6SyJ4PCPnGMoFjC9ddhal5KVIYtAt97ix05A=="
                }
            }
        },
        "skemata": {
            "version": "0.1.2",
            "resolved": "https://registry.npmjs.org/skemata/-/skemata-0.1.2.tgz",
            "integrity": "sha512-2Dm7c71ZF1RBetTpbuTstvAth/3upgcPEDePYi9P2OIjqdUHZjOnRg9LSWFuZgbfbor9qYmdHbsRIBTeunxvHw==",
            "requires": {
                "fast-levenshtein": "^1.1.3"
            }
        },
        "source-map": {
            "version": "0.1.43",
            "resolved": "https://registry.npmjs.org/source-map/-/source-map-0.1.43.tgz",
            "integrity": "sha1-wkvBRspRfBRx9drL4lcbK3+eM0Y=",
            "requires": {
                "amdefine": "1.0.1"
            }
        },
        "tag-shell": {
            "version": "0.1.0",
            "resolved": "https://registry.npmjs.org/tag-shell/-/tag-shell-0.1.0.tgz",
            "integrity": "sha512-DW3u9CylGZ44V8toOpsskS6lOojt6UOWbXM9HG8sBoKvy8q7V7Yc+JWHM6Du78rljnm/IeWOtWEBdhwWoo8gEQ=="
        },
        "to-regex-range": {
            "version": "5.0.1",
            "resolved": "https://registry.npmjs.org/to-regex-range/-/to-regex-range-5.0.1.tgz",
            "integrity": "sha512-65P7iz6X5yEr1cwcgvQxbbIw7Uk3gOy5dIdtZ4rDveLqhrdJP+Li/Hx6tyK0NEb+2GCyneCMJiGqrADCSNk8sQ==",
            "requires": {
                "is-number": "^7.0.0"
            }
        },
        "true-case-path": {
            "version": "1.0.3",
            "resolved": "https://registry.npmjs.org/true-case-path/-/true-case-path-1.0.3.tgz",
            "integrity": "sha512-m6s2OdQe5wgpFMC+pAJ+q9djG82O2jcHPOI6RNg1yy9rCYR+WD6Nbpl32fDpfC56nirdRy+opFa/Vk7HYhqaew==",
            "requires": {
                "glob": "^7.1.2"
            }
        },
        "uglify-js": {
            "version": "2.8.29",
            "resolved": "https://registry.npmjs.org/uglify-js/-/uglify-js-2.8.29.tgz",
            "integrity": "sha1-KcVzMUgFe7Th913zW3qcty5qWd0=",
            "optional": true,
            "requires": {
                "source-map": "0.5.7",
                "uglify-to-browserify": "1.0.2",
                "yargs": "3.10.0"
            },
            "dependencies": {
                "source-map": {
                    "version": "0.5.7",
                    "resolved": "https://registry.npmjs.org/source-map/-/source-map-0.5.7.tgz",
                    "integrity": "sha1-igOdLRAh0i0eoUyA2OpGi6LvP8w=",
                    "optional": true
                },
                "yargs": {
                    "version": "3.10.0",
                    "resolved": "https://registry.npmjs.org/yargs/-/yargs-3.10.0.tgz",
                    "integrity": "sha1-9+572FfdfB0tOMDnTvvWgdFDH9E=",
                    "optional": true,
                    "requires": {
                        "camelcase": "1.2.1",
                        "cliui": "2.1.0",
                        "decamelize": "1.2.0",
                        "window-size": "0.1.0"
                    }
                }
            }
        },
        "uglify-js-brunch": {
            "version": "1.7.8",
            "resolved": "https://registry.npmjs.org/uglify-js-brunch/-/uglify-js-brunch-1.7.8.tgz",
            "integrity": "sha1-s23/vNGc/qJySNNHl+/+8a6dOmI=",
            "requires": {
                "uglify-js": "2.4.24"
            },
            "dependencies": {
                "source-map": {
                    "version": "0.1.34",
                    "resolved": "https://registry.npmjs.org/source-map/-/source-map-0.1.34.tgz",
                    "integrity": "sha1-p8/omux7FoLDsZjQrPtH19CQVms=",
                    "requires": {
                        "amdefine": "1.0.1"
                    }
                },
                "uglify-js": {
                    "version": "2.4.24",
                    "resolved": "https://registry.npmjs.org/uglify-js/-/uglify-js-2.4.24.tgz",
                    "integrity": "sha1-+tV1XB4Vd2WLsG/5q25UjJW+vW4=",
                    "requires": {
                        "async": "0.2.10",
                        "source-map": "0.1.34",
                        "uglify-to-browserify": "1.0.2",
                        "yargs": "3.5.4"
                    }
                }
            }
        },
        "uglify-to-browserify": {
            "version": "1.0.2",
            "resolved": "https://registry.npmjs.org/uglify-to-browserify/-/uglify-to-browserify-1.0.2.tgz",
            "integrity": "sha1-bgkk1r2mta/jSeOabWMoUKD4grc="
        },
        "umd-wrapper": {
            "version": "0.1.0",
            "resolved": "https://registry.npmjs.org/umd-wrapper/-/umd-wrapper-0.1.0.tgz",
            "integrity": "sha1-iym4cLCCVDqas7Siooe0uNcVMt4="
        },
        "universal-path": {
            "version": "0.1.0",
            "resolved": "https://registry.npmjs.org/universal-path/-/universal-path-0.1.0.tgz",
            "integrity": "sha512-nJbcP40n84InUuF+HyLSqBhvCZOLSj0M4doCqfqhAzbhRd7UI0CMcSvbXzXZPJrA/50wcX7aa7K7ltgIauDJKw=="
        },
        "window-size": {
            "version": "0.1.0",
            "resolved": "https://registry.npmjs.org/window-size/-/window-size-0.1.0.tgz",
            "integrity": "sha1-VDjNLqk7IC76Ohn+iIeu58lPnJ0="
        },
        "wordwrap": {
            "version": "0.0.3",
            "resolved": "https://registry.npmjs.org/wordwrap/-/wordwrap-0.0.3.tgz",
            "integrity": "sha1-o9XabNXAvAAI03I0u68b7WMFkQc="
        },
        "wrappy": {
            "version": "1.0.2",
            "resolved": "https://registry.npmjs.org/wrappy/-/wrappy-1.0.2.tgz",
            "integrity": "sha512-l4Sp/DRseor9wL6EvV2+TuQn63dMkPjZ/sp9XkghTEbV9KlPS1xUsZ3u7/IQO4wxtcFB4bgpQPRcR3QCvezPcQ=="
        },
        "xtend": {
            "version": "4.0.2",
            "resolved": "https://registry.npmjs.org/xtend/-/xtend-4.0.2.tgz",
            "integrity": "sha512-LKYU1iAXJXUgAXn9URjiu+MWhyUXHsvfp7mcuYm9dSUKK0/CjtrUwFAxD82/mCWbtLsGjFIad0wIsod4zrTAEQ=="
        },
        "yargs": {
            "version": "3.5.4",
            "resolved": "https://registry.npmjs.org/yargs/-/yargs-3.5.4.tgz",
            "integrity": "sha1-2K/49mXpTDS9JZvevRv68N3TU2E=",
            "requires": {
                "camelcase": "1.2.1",
                "decamelize": "1.2.0",
                "window-size": "0.1.0",
                "wordwrap": "0.0.2"
            },
            "dependencies": {
                "wordwrap": {
                    "version": "0.0.2",
                    "resolved": "https://registry.npmjs.org/wordwrap/-/wordwrap-0.0.2.tgz",
                    "integrity": "sha1-t5Zpu0LstAn4PVg8rVLKF+qhZD8="
                }
            }
        }
    }
}
